
Microsoft Visual Studio Solution File, Format Version 12.00
# Visual Studio Version 17
VisualStudioVersion = 17.10.35027.167
MinimumVisualStudioVersion = 10.0.40219.1
Project("{2150E333-8FDC-42A3-9474-1A3956D46DE8}") = "Solution Items", "Solution Items", "{DC2E56BD-1DBF-45EA-A828-9CF39B6DAB58}"
	ProjectSection(SolutionItems) = preProject
		.dockerignore = .dockerignore
		.gitignore = .gitignore
		src\docker-compose.override.yml = src\docker-compose.override.yml
		src\docker-compose.yml = src\docker-compose.yml
		global.json = global.json
		README.md = README.md
		scratch.md = scratch.md
	EndProjectSection
EndProject
Project("{2150E333-8FDC-42A3-9474-1A3956D46DE8}") = "src", "src", "{5D3DDCEF-E5EA-4ABE-903F-AE0062EAABD7}"
EndProject
Project("{2150E333-8FDC-42A3-9474-1A3956D46DE8}") = "tests", "tests", "{28D1AC68-33B0-4F90-80C0-69728AFD65FB}"
EndProject
Project("{2150E333-8FDC-42A3-9474-1A3956D46DE8}") = "ApiGateways", "ApiGateways", "{43B3430A-E98F-413D-8F9A-9CE157EE2B50}"
EndProject
Project("{2150E333-8FDC-42A3-9474-1A3956D46DE8}") = "BuildingBlocks", "BuildingBlocks", "{E4714394-093D-4B16-8453-2C4EF4F5310B}"
EndProject
Project("{2150E333-8FDC-42A3-9474-1A3956D46DE8}") = "Services", "Services", "{C5DD3DD4-3E8E-42DB-9F4B-4DEAAB18C05A}"
EndProject
Project("{2150E333-8FDC-42A3-9474-1A3956D46DE8}") = "WebApps", "WebApps", "{2CC97BDE-D826-4AA0-BADB-9F348C0D5C5D}"
EndProject
Project("{9A19103F-16F7-4668-BE54-9A1E7A4F7556}") = "Common.Logging", "src\BuildingBlocks\Common.Logging\Common.Logging.csproj", "{75431009-2D46-4BE3-AF71-B68959E3D9BC}"
EndProject
Project("{2150E333-8FDC-42A3-9474-1A3956D46DE8}") = "Product", "Product", "{26BF3221-E8D5-496D-AB7F-85CBE7ABD5A6}"
EndProject
Project("{2150E333-8FDC-42A3-9474-1A3956D46DE8}") = "Customer", "Customer", "{3AAFAB8E-A30C-4D0B-B32F-26B7103EE877}"
EndProject
Project("{2150E333-8FDC-42A3-9474-1A3956D46DE8}") = "Basket", "Basket", "{5B5EF20D-7FEB-47DD-AD46-2EBE38F007F2}"
EndProject
Project("{2150E333-8FDC-42A3-9474-1A3956D46DE8}") = "Ordering", "Ordering", "{54AEB8D9-CB18-4CA1-B722-F5413A3F7062}"
EndProject
Project("{2150E333-8FDC-42A3-9474-1A3956D46DE8}") = "Inventory", "Inventory", "{B53FBE16-CCBE-4494-96BD-97DEDC8CC2E5}"
EndProject
Project("{2150E333-8FDC-42A3-9474-1A3956D46DE8}") = "ScheduledJob", "ScheduledJob", "{9A40011C-F88D-4988-B56D-C82A3284E86A}"
EndProject
Project("{9A19103F-16F7-4668-BE54-9A1E7A4F7556}") = "WebHealthStatus", "src\WebApps\WebHealthStatus\WebHealthStatus.csproj", "{CF770770-1807-47F0-80B3-03DBD41C055B}"
EndProject
Project("{9A19103F-16F7-4668-BE54-9A1E7A4F7556}") = "Basket.API", "src\Services\Basket.API\Basket.API.csproj", "{CAF97F23-7FF8-4771-ACC0-97CE9F5D26C4}"
EndProject
Project("{9A19103F-16F7-4668-BE54-9A1E7A4F7556}") = "Customer.API", "src\Services\Customer.API\Customer.API.csproj", "{1F6115B6-FF20-4782-8B90-CB6B98B37F92}"
EndProject
Project("{9A19103F-16F7-4668-BE54-9A1E7A4F7556}") = "Inventory.Product.API", "src\Services\Inventory.Product.API\Inventory.Product.API.csproj", "{CD33C45B-8935-4592-B2F2-14C8EA28AF94}"
EndProject
Project("{9A19103F-16F7-4668-BE54-9A1E7A4F7556}") = "Contracts", "src\BuildingBlocks\Contracts\Contracts.csproj", "{E6C209B9-B327-4C1E-A724-D632D91254DF}"
EndProject
Project("{9A19103F-16F7-4668-BE54-9A1E7A4F7556}") = "Product.API", "src\Services\Product.API\Product.API.csproj", "{8FA9CBB7-E9FA-4334-8538-2D0C7F707479}"
EndProject
Project("{9A19103F-16F7-4668-BE54-9A1E7A4F7556}") = "Hangfire.API", "src\Services\Hangfire.API\Hangfire.API.csproj", "{3B3E34E8-B1E4-465C-ADD6-2392A4E460F8}"
EndProject
Project("{9A19103F-16F7-4668-BE54-9A1E7A4F7556}") = "Shared", "src\BuildingBlocks\Shared\Shared.csproj", "{50900B8B-2919-48F4-AF02-DE49E9A89202}"
EndProject
Project("{9A19103F-16F7-4668-BE54-9A1E7A4F7556}") = "OcelotApiGw", "src\ApiGateways\OcelotApiGw\OcelotApiGw.csproj", "{E067EC18-6F1C-4ACE-8520-5C5A86625C45}"
EndProject
Project("{9A19103F-16F7-4668-BE54-9A1E7A4F7556}") = "Infrastructure", "src\BuildingBlocks\Infrastructure\Infrastructure.csproj", "{70060923-2B59-4F69-9BEB-F1BBD5F83E4C}"
EndProject
Project("{9A19103F-16F7-4668-BE54-9A1E7A4F7556}") = "Ordering.API", "src\Services\Ordering\Ordering.API\Ordering.API.csproj", "{02131300-5F7D-4675-9CF9-E0E50DF63589}"
EndProject
Project("{9A19103F-16F7-4668-BE54-9A1E7A4F7556}") = "Ordering.Application", "src\Services\Ordering\Ordering.Application\Ordering.Application.csproj", "{7211AD48-28D1-4126-90F2-E3697DBDE42C}"
EndProject
Project("{9A19103F-16F7-4668-BE54-9A1E7A4F7556}") = "Ordering.Domain", "src\Services\Ordering\Ordering.Domain\Ordering.Domain.csproj", "{FC3D2F8B-60F0-49F0-9DC6-DCDFCE92B4ED}"
EndProject
Project("{9A19103F-16F7-4668-BE54-9A1E7A4F7556}") = "Ordering.Infrastructure", "src\Services\Ordering\Ordering.Infrastructure\Ordering.Infrastructure.csproj", "{53C7703B-C1D0-459E-9CB4-825EE1BEBEB5}"
EndProject
Project("{2150E333-8FDC-42A3-9474-1A3956D46DE8}") = "EventBus", "EventBus", "{E5B56ED8-8E38-4398-A9D6-49FF20DB056B}"
EndProject
Project("{9A19103F-16F7-4668-BE54-9A1E7A4F7556}") = "EventBus.Messages", "src\BuildingBlocks\EventBus\EventBus.Messages\EventBus.Messages.csproj", "{2879F3EB-F805-4856-A2B2-65E9A3CFC9F2}"
EndProject
Global
	GlobalSection(SolutionConfigurationPlatforms) = preSolution
		Debug|Any CPU = Debug|Any CPU
		Release|Any CPU = Release|Any CPU
	EndGlobalSection
	GlobalSection(ProjectConfigurationPlatforms) = postSolution
		{75431009-2D46-4BE3-AF71-B68959E3D9BC}.Debug|Any CPU.ActiveCfg = Debug|Any CPU
		{75431009-2D46-4BE3-AF71-B68959E3D9BC}.Debug|Any CPU.Build.0 = Debug|Any CPU
		{75431009-2D46-4BE3-AF71-B68959E3D9BC}.Release|Any CPU.ActiveCfg = Release|Any CPU
		{75431009-2D46-4BE3-AF71-B68959E3D9BC}.Release|Any CPU.Build.0 = Release|Any CPU
		{CF770770-1807-47F0-80B3-03DBD41C055B}.Debug|Any CPU.ActiveCfg = Debug|Any CPU
		{CF770770-1807-47F0-80B3-03DBD41C055B}.Debug|Any CPU.Build.0 = Debug|Any CPU
		{CF770770-1807-47F0-80B3-03DBD41C055B}.Release|Any CPU.ActiveCfg = Release|Any CPU
		{CF770770-1807-47F0-80B3-03DBD41C055B}.Release|Any CPU.Build.0 = Release|Any CPU
		{CAF97F23-7FF8-4771-ACC0-97CE9F5D26C4}.Debug|Any CPU.ActiveCfg = Debug|Any CPU
		{CAF97F23-7FF8-4771-ACC0-97CE9F5D26C4}.Debug|Any CPU.Build.0 = Debug|Any CPU
		{CAF97F23-7FF8-4771-ACC0-97CE9F5D26C4}.Release|Any CPU.ActiveCfg = Release|Any CPU
		{CAF97F23-7FF8-4771-ACC0-97CE9F5D26C4}.Release|Any CPU.Build.0 = Release|Any CPU
		{1F6115B6-FF20-4782-8B90-CB6B98B37F92}.Debug|Any CPU.ActiveCfg = Debug|Any CPU
		{1F6115B6-FF20-4782-8B90-CB6B98B37F92}.Debug|Any CPU.Build.0 = Debug|Any CPU
		{1F6115B6-FF20-4782-8B90-CB6B98B37F92}.Release|Any CPU.ActiveCfg = Release|Any CPU
		{1F6115B6-FF20-4782-8B90-CB6B98B37F92}.Release|Any CPU.Build.0 = Release|Any CPU
		{CD33C45B-8935-4592-B2F2-14C8EA28AF94}.Debug|Any CPU.ActiveCfg = Debug|Any CPU
		{CD33C45B-8935-4592-B2F2-14C8EA28AF94}.Debug|Any CPU.Build.0 = Debug|Any CPU
		{CD33C45B-8935-4592-B2F2-14C8EA28AF94}.Release|Any CPU.ActiveCfg = Release|Any CPU
		{CD33C45B-8935-4592-B2F2-14C8EA28AF94}.Release|Any CPU.Build.0 = Release|Any CPU
		{E6C209B9-B327-4C1E-A724-D632D91254DF}.Debug|Any CPU.ActiveCfg = Debug|Any CPU
		{E6C209B9-B327-4C1E-A724-D632D91254DF}.Debug|Any CPU.Build.0 = Debug|Any CPU
		{E6C209B9-B327-4C1E-A724-D632D91254DF}.Release|Any CPU.ActiveCfg = Release|Any CPU
		{E6C209B9-B327-4C1E-A724-D632D91254DF}.Release|Any CPU.Build.0 = Release|Any CPU
		{8FA9CBB7-E9FA-4334-8538-2D0C7F707479}.Debug|Any CPU.ActiveCfg = Debug|Any CPU
		{8FA9CBB7-E9FA-4334-8538-2D0C7F707479}.Debug|Any CPU.Build.0 = Debug|Any CPU
		{8FA9CBB7-E9FA-4334-8538-2D0C7F707479}.Release|Any CPU.ActiveCfg = Release|Any CPU
		{8FA9CBB7-E9FA-4334-8538-2D0C7F707479}.Release|Any CPU.Build.0 = Release|Any CPU
		{3B3E34E8-B1E4-465C-ADD6-2392A4E460F8}.Debug|Any CPU.ActiveCfg = Debug|Any CPU
		{3B3E34E8-B1E4-465C-ADD6-2392A4E460F8}.Debug|Any CPU.Build.0 = Debug|Any CPU
		{3B3E34E8-B1E4-465C-ADD6-2392A4E460F8}.Release|Any CPU.ActiveCfg = Release|Any CPU
		{3B3E34E8-B1E4-465C-ADD6-2392A4E460F8}.Release|Any CPU.Build.0 = Release|Any CPU
		{50900B8B-2919-48F4-AF02-DE49E9A89202}.Debug|Any CPU.ActiveCfg = Debug|Any CPU
		{50900B8B-2919-48F4-AF02-DE49E9A89202}.Debug|Any CPU.Build.0 = Debug|Any CPU
		{50900B8B-2919-48F4-AF02-DE49E9A89202}.Release|Any CPU.ActiveCfg = Release|Any CPU
		{50900B8B-2919-48F4-AF02-DE49E9A89202}.Release|Any CPU.Build.0 = Release|Any CPU
		{E067EC18-6F1C-4ACE-8520-5C5A86625C45}.Debug|Any CPU.ActiveCfg = Debug|Any CPU
		{E067EC18-6F1C-4ACE-8520-5C5A86625C45}.Debug|Any CPU.Build.0 = Debug|Any CPU
		{E067EC18-6F1C-4ACE-8520-5C5A86625C45}.Release|Any CPU.ActiveCfg = Release|Any CPU
		{E067EC18-6F1C-4ACE-8520-5C5A86625C45}.Release|Any CPU.Build.0 = Release|Any CPU
		{70060923-2B59-4F69-9BEB-F1BBD5F83E4C}.Debug|Any CPU.ActiveCfg = Debug|Any CPU
		{70060923-2B59-4F69-9BEB-F1BBD5F83E4C}.Debug|Any CPU.Build.0 = Debug|Any CPU
		{70060923-2B59-4F69-9BEB-F1BBD5F83E4C}.Release|Any CPU.ActiveCfg = Release|Any CPU
		{70060923-2B59-4F69-9BEB-F1BBD5F83E4C}.Release|Any CPU.Build.0 = Release|Any CPU
		{02131300-5F7D-4675-9CF9-E0E50DF63589}.Debug|Any CPU.ActiveCfg = Debug|Any CPU
		{02131300-5F7D-4675-9CF9-E0E50DF63589}.Debug|Any CPU.Build.0 = Debug|Any CPU
		{02131300-5F7D-4675-9CF9-E0E50DF63589}.Release|Any CPU.ActiveCfg = Release|Any CPU
		{02131300-5F7D-4675-9CF9-E0E50DF63589}.Release|Any CPU.Build.0 = Release|Any CPU
		{7211AD48-28D1-4126-90F2-E3697DBDE42C}.Debug|Any CPU.ActiveCfg = Debug|Any CPU
		{7211AD48-28D1-4126-90F2-E3697DBDE42C}.Debug|Any CPU.Build.0 = Debug|Any CPU
		{7211AD48-28D1-4126-90F2-E3697DBDE42C}.Release|Any CPU.ActiveCfg = Release|Any CPU
		{7211AD48-28D1-4126-90F2-E3697DBDE42C}.Release|Any CPU.Build.0 = Release|Any CPU
		{FC3D2F8B-60F0-49F0-9DC6-DCDFCE92B4ED}.Debug|Any CPU.ActiveCfg = Debug|Any CPU
		{FC3D2F8B-60F0-49F0-9DC6-DCDFCE92B4ED}.Debug|Any CPU.Build.0 = Debug|Any CPU
		{FC3D2F8B-60F0-49F0-9DC6-DCDFCE92B4ED}.Release|Any CPU.ActiveCfg = Release|Any CPU
		{FC3D2F8B-60F0-49F0-9DC6-DCDFCE92B4ED}.Release|Any CPU.Build.0 = Release|Any CPU
		{53C7703B-C1D0-459E-9CB4-825EE1BEBEB5}.Debug|Any CPU.ActiveCfg = Debug|Any CPU
		{53C7703B-C1D0-459E-9CB4-825EE1BEBEB5}.Debug|Any CPU.Build.0 = Debug|Any CPU
		{53C7703B-C1D0-459E-9CB4-825EE1BEBEB5}.Release|Any CPU.ActiveCfg = Release|Any CPU
		{53C7703B-C1D0-459E-9CB4-825EE1BEBEB5}.Release|Any CPU.Build.0 = Release|Any CPU
		{2879F3EB-F805-4856-A2B2-65E9A3CFC9F2}.Debug|Any CPU.ActiveCfg = Debug|Any CPU
		{2879F3EB-F805-4856-A2B2-65E9A3CFC9F2}.Debug|Any CPU.Build.0 = Debug|Any CPU
		{2879F3EB-F805-4856-A2B2-65E9A3CFC9F2}.Release|Any CPU.ActiveCfg = Release|Any CPU
		{2879F3EB-F805-4856-A2B2-65E9A3CFC9F2}.Release|Any CPU.Build.0 = Release|Any CPU
	EndGlobalSection
	GlobalSection(SolutionProperties) = preSolution
		HideSolutionNode = FALSE
	EndGlobalSection
	GlobalSection(NestedProjects) = preSolution
		{43B3430A-E98F-413D-8F9A-9CE157EE2B50} = {5D3DDCEF-E5EA-4ABE-903F-AE0062EAABD7}
		{E4714394-093D-4B16-8453-2C4EF4F5310B} = {5D3DDCEF-E5EA-4ABE-903F-AE0062EAABD7}
		{C5DD3DD4-3E8E-42DB-9F4B-4DEAAB18C05A} = {5D3DDCEF-E5EA-4ABE-903F-AE0062EAABD7}
		{2CC97BDE-D826-4AA0-BADB-9F348C0D5C5D} = {5D3DDCEF-E5EA-4ABE-903F-AE0062EAABD7}
		{75431009-2D46-4BE3-AF71-B68959E3D9BC} = {E4714394-093D-4B16-8453-2C4EF4F5310B}
		{26BF3221-E8D5-496D-AB7F-85CBE7ABD5A6} = {C5DD3DD4-3E8E-42DB-9F4B-4DEAAB18C05A}
		{3AAFAB8E-A30C-4D0B-B32F-26B7103EE877} = {C5DD3DD4-3E8E-42DB-9F4B-4DEAAB18C05A}
		{5B5EF20D-7FEB-47DD-AD46-2EBE38F007F2} = {C5DD3DD4-3E8E-42DB-9F4B-4DEAAB18C05A}
		{54AEB8D9-CB18-4CA1-B722-F5413A3F7062} = {C5DD3DD4-3E8E-42DB-9F4B-4DEAAB18C05A}
		{B53FBE16-CCBE-4494-96BD-97DEDC8CC2E5} = {C5DD3DD4-3E8E-42DB-9F4B-4DEAAB18C05A}
		{9A40011C-F88D-4988-B56D-C82A3284E86A} = {C5DD3DD4-3E8E-42DB-9F4B-4DEAAB18C05A}
		{CF770770-1807-47F0-80B3-03DBD41C055B} = {2CC97BDE-D826-4AA0-BADB-9F348C0D5C5D}
		{CAF97F23-7FF8-4771-ACC0-97CE9F5D26C4} = {5B5EF20D-7FEB-47DD-AD46-2EBE38F007F2}
		{1F6115B6-FF20-4782-8B90-CB6B98B37F92} = {3AAFAB8E-A30C-4D0B-B32F-26B7103EE877}
		{CD33C45B-8935-4592-B2F2-14C8EA28AF94} = {B53FBE16-CCBE-4494-96BD-97DEDC8CC2E5}
		{E6C209B9-B327-4C1E-A724-D632D91254DF} = {E4714394-093D-4B16-8453-2C4EF4F5310B}
		{8FA9CBB7-E9FA-4334-8538-2D0C7F707479} = {26BF3221-E8D5-496D-AB7F-85CBE7ABD5A6}
		{3B3E34E8-B1E4-465C-ADD6-2392A4E460F8} = {9A40011C-F88D-4988-B56D-C82A3284E86A}
		{50900B8B-2919-48F4-AF02-DE49E9A89202} = {E4714394-093D-4B16-8453-2C4EF4F5310B}
		{E067EC18-6F1C-4ACE-8520-5C5A86625C45} = {43B3430A-E98F-413D-8F9A-9CE157EE2B50}
		{70060923-2B59-4F69-9BEB-F1BBD5F83E4C} = {E4714394-093D-4B16-8453-2C4EF4F5310B}
		{02131300-5F7D-4675-9CF9-E0E50DF63589} = {54AEB8D9-CB18-4CA1-B722-F5413A3F7062}
		{7211AD48-28D1-4126-90F2-E3697DBDE42C} = {54AEB8D9-CB18-4CA1-B722-F5413A3F7062}
		{FC3D2F8B-60F0-49F0-9DC6-DCDFCE92B4ED} = {54AEB8D9-CB18-4CA1-B722-F5413A3F7062}
		{53C7703B-C1D0-459E-9CB4-825EE1BEBEB5} = {54AEB8D9-CB18-4CA1-B722-F5413A3F7062}
		{E5B56ED8-8E38-4398-A9D6-49FF20DB056B} = {E4714394-093D-4B16-8453-2C4EF4F5310B}
		{2879F3EB-F805-4856-A2B2-65E9A3CFC9F2} = {E5B56ED8-8E38-4398-A9D6-49FF20DB056B}
	EndGlobalSection
	GlobalSection(ExtensibilityGlobals) = postSolution
		SolutionGuid = {FCD772FA-0DD5-47DF-9A75-DF54F4C216E8}
	EndGlobalSection
EndGlobal
